
Microsoft Visual Studio Solution File, Format Version 12.00
# Visual Studio Version 17
VisualStudioVersion = 17.14.36511.14
MinimumVisualStudioVersion = 10.0.40219.1
Project("{2150E333-8FDC-42A3-9474-1A3956D46DE8}") = "Task0", "Task0", "{02EA681E-C7D8-13C7-8484-4AC65E1B71E8}"
EndProject
Project("{FAE04EC0-301F-11D3-BF4B-00C04F79EFBC}") = "Tyuiu.kkhalid.sprint0.task0.v0", "Tyuiu.kkhalid.sprint0.task0.v0\Tyuiu.kkhalid.sprint0.task0.v0.csproj", "{F0B64BD2-55E3-4110-A1E1-D9D5F14A261D}"
EndProject
Project("{2150E333-8FDC-42A3-9474-1A3956D46DE8}") = "Task1", "Task1", "{DD027853-4905-4F60-B73F-60A51317FEAC}"
EndProject
Project("{FAE04EC0-301F-11D3-BF4B-00C04F79EFBC}") = "Tyuiu.kkhalid.sprint0.task1.v0", "Tyuiu.kkhalid.sprint0.task1.v0\Tyuiu.kkhalid.sprint0.task1.v0.csproj", "{07694061-8650-4D90-B581-4CEDA5DF5BDB}"
EndProject
Project("{2150E333-8FDC-42A3-9474-1A3956D46DE8}") = "Task4", "Task4", "{ED1AC869-15F1-42CA-83CD-C4B32630C740}"
EndProject
Project("{FAE04EC0-301F-11D3-BF4B-00C04F79EFBC}") = "Tyuiu.kkhalid.sprint0.task4.v0", "Tyuiu.kkhalid.sprint0.task4.v0\Tyuiu.kkhalid.sprint0.task4.v0.csproj", "{A5B5E290-AC60-42C9-A93E-AA0DBF70DAC1}"
EndProject
Project("{FAE04EC0-301F-11D3-BF4B-00C04F79EFBC}") = "Tyuiu.kkhalid.sprint0.task4.v0.lib", "Tyuiu.kkhalid.sprint0.task4.v0.lib\Tyuiu.kkhalid.sprint0.task4.v0.lib.csproj", "{1DC84A68-8F6F-4CCB-BD3C-8C2410E56270}"
EndProject
Project("{FAE04EC0-301F-11D3-BF4B-00C04F79EFBC}") = "Tyuiu.kkhalid.sprint0.task4.v0.test", "Tyuiu.kkhalid.sprint0.task4.v0.test\Tyuiu.kkhalid.sprint0.task4.v0.test.csproj", "{7FFDE569-5A1C-49B4-8A7E-F96CA0F567E1}"
EndProject
Project("{2150E333-8FDC-42A3-9474-1A3956D46DE8}") = "Task5", "Task5", "{74EE59AA-6F60-4B06-9D1F-A2E7164274A0}"
EndProject
Project("{FAE04EC0-301F-11D3-BF4B-00C04F79EFBC}") = "Tyuiu.kkhalid.sprint0.task5.v0", "Tyuiu.kkhalid.sprint0.task5.v0\Tyuiu.kkhalid.sprint0.task5.v0.csproj", "{51E4E2D6-4A98-4945-A3F5-B8C85550CEDA}"
EndProject
Project("{FAE04EC0-301F-11D3-BF4B-00C04F79EFBC}") = "Tyuiu.kkhalid.sprint0.task5.v0.lib", "Tyuiu.kkhalid.sprint0.task5.v0.lib\Tyuiu.kkhalid.sprint0.task5.v0.lib.csproj", "{C1EFD080-1180-4E29-8D8F-D51BFA630C57}"
EndProject
Project("{FAE04EC0-301F-11D3-BF4B-00C04F79EFBC}") = "Tyuiu.kkhalid.sprint0.task5.v0.test", "Tyuiu.kkhalid.sprint0.task5.v0.test\Tyuiu.kkhalid.sprint0.task5.v0.test.csproj", "{C2964875-4B7B-4FA9-8876-43CB09C99248}"
EndProject
Global
	GlobalSection(SolutionConfigurationPlatforms) = preSolution
		Debug|Any CPU = Debug|Any CPU
		Release|Any CPU = Release|Any CPU
	EndGlobalSection
	GlobalSection(ProjectConfigurationPlatforms) = postSolution
		{F0B64BD2-55E3-4110-A1E1-D9D5F14A261D}.Debug|Any CPU.ActiveCfg = Debug|Any CPU
		{F0B64BD2-55E3-4110-A1E1-D9D5F14A261D}.Debug|Any CPU.Build.0 = Debug|Any CPU
		{F0B64BD2-55E3-4110-A1E1-D9D5F14A261D}.Release|Any CPU.ActiveCfg = Release|Any CPU
		{F0B64BD2-55E3-4110-A1E1-D9D5F14A261D}.Release|Any CPU.Build.0 = Release|Any CPU
		{07694061-8650-4D90-B581-4CEDA5DF5BDB}.Debug|Any CPU.ActiveCfg = Debug|Any CPU
		{07694061-8650-4D90-B581-4CEDA5DF5BDB}.Debug|Any CPU.Build.0 = Debug|Any CPU
		{07694061-8650-4D90-B581-4CEDA5DF5BDB}.Release|Any CPU.ActiveCfg = Release|Any CPU
		{07694061-8650-4D90-B581-4CEDA5DF5BDB}.Release|Any CPU.Build.0 = Release|Any CPU
		{A5B5E290-AC60-42C9-A93E-AA0DBF70DAC1}.Debug|Any CPU.ActiveCfg = Debug|Any CPU
		{A5B5E290-AC60-42C9-A93E-AA0DBF70DAC1}.Debug|Any CPU.Build.0 = Debug|Any CPU
		{A5B5E290-AC60-42C9-A93E-AA0DBF70DAC1}.Release|Any CPU.ActiveCfg = Release|Any CPU
		{A5B5E290-AC60-42C9-A93E-AA0DBF70DAC1}.Release|Any CPU.Build.0 = Release|Any CPU
		{1DC84A68-8F6F-4CCB-BD3C-8C2410E56270}.Debug|Any CPU.ActiveCfg = Debug|Any CPU
		{1DC84A68-8F6F-4CCB-BD3C-8C2410E56270}.Debug|Any CPU.Build.0 = Debug|Any CPU
		{1DC84A68-8F6F-4CCB-BD3C-8C2410E56270}.Release|Any CPU.ActiveCfg = Release|Any CPU
		{1DC84A68-8F6F-4CCB-BD3C-8C2410E56270}.Release|Any CPU.Build.0 = Release|Any CPU
		{7FFDE569-5A1C-49B4-8A7E-F96CA0F567E1}.Debug|Any CPU.ActiveCfg = Debug|Any CPU
		{7FFDE569-5A1C-49B4-8A7E-F96CA0F567E1}.Debug|Any CPU.Build.0 = Debug|Any CPU
		{7FFDE569-5A1C-49B4-8A7E-F96CA0F567E1}.Release|Any CPU.ActiveCfg = Release|Any CPU
		{7FFDE569-5A1C-49B4-8A7E-F96CA0F567E1}.Release|Any CPU.Build.0 = Release|Any CPU
		{51E4E2D6-4A98-4945-A3F5-B8C85550CEDA}.Debug|Any CPU.ActiveCfg = Debug|Any CPU
		{51E4E2D6-4A98-4945-A3F5-B8C85550CEDA}.Debug|Any CPU.Build.0 = Debug|Any CPU
		{51E4E2D6-4A98-4945-A3F5-B8C85550CEDA}.Release|Any CPU.ActiveCfg = Release|Any CPU
		{51E4E2D6-4A98-4945-A3F5-B8C85550CEDA}.Release|Any CPU.Build.0 = Release|Any CPU
		{C1EFD080-1180-4E29-8D8F-D51BFA630C57}.Debug|Any CPU.ActiveCfg = Debug|Any CPU
		{C1EFD080-1180-4E29-8D8F-D51BFA630C57}.Debug|Any CPU.Build.0 = Debug|Any CPU
		{C1EFD080-1180-4E29-8D8F-D51BFA630C57}.Release|Any CPU.ActiveCfg = Release|Any CPU
		{C1EFD080-1180-4E29-8D8F-D51BFA630C57}.Release|Any CPU.Build.0 = Release|Any CPU
		{C2964875-4B7B-4FA9-8876-43CB09C99248}.Debug|Any CPU.ActiveCfg = Debug|Any CPU
		{C2964875-4B7B-4FA9-8876-43CB09C99248}.Debug|Any CPU.Build.0 = Debug|Any CPU
		{C2964875-4B7B-4FA9-8876-43CB09C99248}.Release|Any CPU.ActiveCfg = Release|Any CPU
		{C2964875-4B7B-4FA9-8876-43CB09C99248}.Release|Any CPU.Build.0 = Release|Any CPU
	EndGlobalSection
	GlobalSection(SolutionProperties) = preSolution
		HideSolutionNode = FALSE
	EndGlobalSection
	GlobalSection(NestedProjects) = preSolution
		{F0B64BD2-55E3-4110-A1E1-D9D5F14A261D} = {02EA681E-C7D8-13C7-8484-4AC65E1B71E8}
		{07694061-8650-4D90-B581-4CEDA5DF5BDB} = {DD027853-4905-4F60-B73F-60A51317FEAC}
		{A5B5E290-AC60-42C9-A93E-AA0DBF70DAC1} = {ED1AC869-15F1-42CA-83CD-C4B32630C740}
		{1DC84A68-8F6F-4CCB-BD3C-8C2410E56270} = {ED1AC869-15F1-42CA-83CD-C4B32630C740}
		{7FFDE569-5A1C-49B4-8A7E-F96CA0F567E1} = {ED1AC869-15F1-42CA-83CD-C4B32630C740}
		{51E4E2D6-4A98-4945-A3F5-B8C85550CEDA} = {74EE59AA-6F60-4B06-9D1F-A2E7164274A0}
		{C1EFD080-1180-4E29-8D8F-D51BFA630C57} = {74EE59AA-6F60-4B06-9D1F-A2E7164274A0}
		{C2964875-4B7B-4FA9-8876-43CB09C99248} = {74EE59AA-6F60-4B06-9D1F-A2E7164274A0}
	EndGlobalSection
	GlobalSection(ExtensibilityGlobals) = postSolution
		SolutionGuid = {BA7CAF90-9FB3-45F4-9B28-C37F95C8E8F4}
	EndGlobalSection
EndGlobal
